
Microsoft Visual Studio Solution File, Format Version 12.00
# Visual Studio 14
VisualStudioVersion = 14.0.25420.1
MinimumVisualStudioVersion = 10.0.40219.1
Project("{FAE04EC0-301F-11D3-BF4B-00C04F79EFBC}") = "LibManSys", "LibManSys\LibManSys.csproj", "{97CB5C91-2FB7-4AB3-B847-781AD51D019A}"
EndProject
Global
	GlobalSection(SolutionConfigurationPlatforms) = preSolution
		Debug|Any CPU = Debug|Any CPU
		Release|Any CPU = Release|Any CPU
	EndGlobalSection
	GlobalSection(ProjectConfigurationPlatforms) = postSolution
		{97CB5C91-2FB7-4AB3-B847-781AD51D019A}.Debug|Any CPU.ActiveCfg = Debug|Any CPU
		{97CB5C91-2FB7-4AB3-B847-781AD51D019A}.Debug|Any CPU.Build.0 = Debug|Any CPU
		{97CB5C91-2FB7-4AB3-B847-781AD51D019A}.Release|Any CPU.ActiveCfg = Release|Any CPU
		{97CB5C91-2FB7-4AB3-B847-781AD51D019A}.Release|Any CPU.Build.0 = Release|Any CPU
	EndGlobalSection
	GlobalSection(SolutionProperties) = preSolution
		HideSolutionNode = FALSE
	EndGlobalSection
EndGlobal
